{
    "_meta": {
        "hash": {
            "sha256": "21c8a056c3f6c85369b4e4d2ec1363c5e7e5b64fb87ea1e09835f99c9df9eebc"
        },
        "pipfile-spec": 6,
        "requires": {
            "python_version": "3.10"
        },
        "sources": [
            {
                "name": "pypi",
                "url": "https://pypi.org/simple",
                "verify_ssl": true
            }
        ]
    },
    "default": {
        "nulltype": {
            "hashes": [
                "sha256:16ae565745118e37e0558441f5821c76351d8c3a789640b5bca277cf65b2271b",
                "sha256:64aa3cb2ab5e904d1b37175b9b922bea268c13f9ce32e3d373313150ab5ef272"
            ],
            "version": "==2.3.1"
        },
        "plaid-python": {
            "hashes": [
                "sha256:29919fafad117253cc8acdf2fd73d8f95310af423119733023bb4fc4d3a59a18"
            ],
            "index": "pypi",
            "markers": "python_version >= '3.6'",
            "version": "==21.1.0"
        },
        "python-dateutil": {
            "hashes": [
                "sha256:37dd54208da7e1cd875388217d5e00ebd4179249f90fb72437e91a35459a0ad3",
                "sha256:a8b2bc7bffae282281c8140a97d3aa9c14da0b136dfe83f850eea9a5f7470427"
            ],
            "markers": "python_version >= '2.7' and python_version not in '3.0, 3.1, 3.2, 3.3'",
            "version": "==2.9.0.post0"
        },
        "six": {
            "hashes": [
                "sha256:1e61c37477a1626458e36f7b1d82aa5c9b094fa4802892072e49de9c60c4c926",
                "sha256:8abb2f1d86890a2dfb989f9a77cfcfd3e47c2a354b01111771326f8aa26e0254"
            ],
            "markers": "python_version >= '2.7' and python_version not in '3.0, 3.1, 3.2, 3.3'",
            "version": "==1.16.0"
        },
        "urllib3": {
            "hashes": [
                "sha256:450b20ec296a467077128bff42b73080516e71b56ff59a60a02bef2232c4fa9d",
                "sha256:d0570876c61ab9e520d776c38acbbb5b05a776d3f9ff98a5c8fd5162a444cf19"
            ],
            "markers": "python_version >= '3.8'",
            "version": "==2.2.1"
        }
    },
    "develop": {}
}
